
Microsoft Visual Studio Solution File, Format Version 12.00
# Visual Studio Version 16
VisualStudioVersion = 16.0.808.2
MinimumVisualStudioVersion = 10.0.40219.1
Project("{FAE04EC0-301F-11D3-BF4B-00C04F79EFBC}") = "ArrayList", "ArrayList.csproj", "{6AD41222-A9B6-4917-ABC3-91A52A987DEA}"
EndProject
Global
	GlobalSection(SolutionConfigurationPlatforms) = preSolution
		Debug|Any CPU = Debug|Any CPU
		Release|Any CPU = Release|Any CPU
	EndGlobalSection
	GlobalSection(ProjectConfigurationPlatforms) = postSolution
		{6AD41222-A9B6-4917-ABC3-91A52A987DEA}.Debug|Any CPU.ActiveCfg = Debug|Any CPU
		{6AD41222-A9B6-4917-ABC3-91A52A987DEA}.Debug|Any CPU.Build.0 = Debug|Any CPU
		{6AD41222-A9B6-4917-ABC3-91A52A987DEA}.Release|Any CPU.ActiveCfg = Release|Any CPU
		{6AD41222-A9B6-4917-ABC3-91A52A987DEA}.Release|Any CPU.Build.0 = Release|Any CPU
	EndGlobalSection
	GlobalSection(SolutionProperties) = preSolution
		HideSolutionNode = FALSE
	EndGlobalSection
	GlobalSection(ExtensibilityGlobals) = postSolution
		SolutionGuid = {D7CF28E9-7BE5-4B3F-8413-35BE7D019827}
	EndGlobalSection
EndGlobal
